
Microsoft Visual Studio Solution File, Format Version 12.00
# Visual Studio Version 16
VisualStudioVersion = 16.0.31112.23
MinimumVisualStudioVersion = 10.0.40219.1
Project("{9A19103F-16F7-4668-BE54-9A1E7A4F7556}") = "Iglesia", "Iglesia\Iglesia.csproj", "{2AC74BC6-DA40-429A-88F5-D259E49C1B7A}"
	ProjectSection(ProjectDependencies) = postProject
		{11641DF5-44FA-4E3D-891D-EE744BF55C3C} = {11641DF5-44FA-4E3D-891D-EE744BF55C3C}
	EndProjectSection
EndProject
Project("{9A19103F-16F7-4668-BE54-9A1E7A4F7556}") = "IglesiaModel", "Iglesia.Model\IglesiaModel.csproj", "{B295259A-28D6-42EF-B0EB-923D78DE6FFC}"
EndProject
Project("{9A19103F-16F7-4668-BE54-9A1E7A4F7556}") = "IglesiaData", "IglesiaData\IglesiaData.csproj", "{F96038F4-7756-44C4-9DFD-822BEA57FF67}"
EndProject
Project("{9A19103F-16F7-4668-BE54-9A1E7A4F7556}") = "Bautizo", "Bautizo\Bautizo.csproj", "{11641DF5-44FA-4E3D-891D-EE744BF55C3C}"
	ProjectSection(ProjectDependencies) = postProject
		{B295259A-28D6-42EF-B0EB-923D78DE6FFC} = {B295259A-28D6-42EF-B0EB-923D78DE6FFC}
		{F96038F4-7756-44C4-9DFD-822BEA57FF67} = {F96038F4-7756-44C4-9DFD-822BEA57FF67}
	EndProjectSection
EndProject
Project("{FAE04EC0-301F-11D3-BF4B-00C04F79EFBC}") = "IglesiaCore", "IglesiaCore\IglesiaCore.csproj", "{22AEB4CE-2433-45AD-9190-EC04B67072BE}"
EndProject
Global
	GlobalSection(SolutionConfigurationPlatforms) = preSolution
		Debug|Any CPU = Debug|Any CPU
		Release|Any CPU = Release|Any CPU
	EndGlobalSection
	GlobalSection(ProjectConfigurationPlatforms) = postSolution
		{2AC74BC6-DA40-429A-88F5-D259E49C1B7A}.Debug|Any CPU.ActiveCfg = Debug|Any CPU
		{2AC74BC6-DA40-429A-88F5-D259E49C1B7A}.Debug|Any CPU.Build.0 = Debug|Any CPU
		{2AC74BC6-DA40-429A-88F5-D259E49C1B7A}.Release|Any CPU.ActiveCfg = Release|Any CPU
		{2AC74BC6-DA40-429A-88F5-D259E49C1B7A}.Release|Any CPU.Build.0 = Release|Any CPU
		{B295259A-28D6-42EF-B0EB-923D78DE6FFC}.Debug|Any CPU.ActiveCfg = Debug|Any CPU
		{B295259A-28D6-42EF-B0EB-923D78DE6FFC}.Debug|Any CPU.Build.0 = Debug|Any CPU
		{B295259A-28D6-42EF-B0EB-923D78DE6FFC}.Release|Any CPU.ActiveCfg = Release|Any CPU
		{B295259A-28D6-42EF-B0EB-923D78DE6FFC}.Release|Any CPU.Build.0 = Release|Any CPU
		{F96038F4-7756-44C4-9DFD-822BEA57FF67}.Debug|Any CPU.ActiveCfg = Debug|Any CPU
		{F96038F4-7756-44C4-9DFD-822BEA57FF67}.Debug|Any CPU.Build.0 = Debug|Any CPU
		{F96038F4-7756-44C4-9DFD-822BEA57FF67}.Release|Any CPU.ActiveCfg = Release|Any CPU
		{F96038F4-7756-44C4-9DFD-822BEA57FF67}.Release|Any CPU.Build.0 = Release|Any CPU
		{11641DF5-44FA-4E3D-891D-EE744BF55C3C}.Debug|Any CPU.ActiveCfg = Debug|Any CPU
		{11641DF5-44FA-4E3D-891D-EE744BF55C3C}.Debug|Any CPU.Build.0 = Debug|Any CPU
		{11641DF5-44FA-4E3D-891D-EE744BF55C3C}.Release|Any CPU.ActiveCfg = Release|Any CPU
		{11641DF5-44FA-4E3D-891D-EE744BF55C3C}.Release|Any CPU.Build.0 = Release|Any CPU
		{22AEB4CE-2433-45AD-9190-EC04B67072BE}.Debug|Any CPU.ActiveCfg = Debug|Any CPU
		{22AEB4CE-2433-45AD-9190-EC04B67072BE}.Debug|Any CPU.Build.0 = Debug|Any CPU
		{22AEB4CE-2433-45AD-9190-EC04B67072BE}.Release|Any CPU.ActiveCfg = Release|Any CPU
		{22AEB4CE-2433-45AD-9190-EC04B67072BE}.Release|Any CPU.Build.0 = Release|Any CPU
	EndGlobalSection
	GlobalSection(SolutionProperties) = preSolution
		HideSolutionNode = FALSE
	EndGlobalSection
	GlobalSection(ExtensibilityGlobals) = postSolution
		SolutionGuid = {F27151F3-0702-473C-8C15-7EB2DD18418A}
	EndGlobalSection
EndGlobal
